
Microsoft Visual Studio Solution File, Format Version 12.00
# Visual Studio 15
VisualStudioVersion = 15.0.26730.0
MinimumVisualStudioVersion = 10.0.40219.1
Project("{FAE04EC0-301F-11D3-BF4B-00C04F79EFBC}") = "TreeMap", "TreeMap\TreeMap.csproj", "{3BF8057E-649A-49DB-A4EC-B9C0CB9FFD4B}"
EndProject
Global
	GlobalSection(SolutionConfigurationPlatforms) = preSolution
		Debug|Any CPU = Debug|Any CPU
		Release|Any CPU = Release|Any CPU
	EndGlobalSection
	GlobalSection(ProjectConfigurationPlatforms) = postSolution
		{3BF8057E-649A-49DB-A4EC-B9C0CB9FFD4B}.Debug|Any CPU.ActiveCfg = Debug|Any CPU
		{3BF8057E-649A-49DB-A4EC-B9C0CB9FFD4B}.Debug|Any CPU.Build.0 = Debug|Any CPU
		{3BF8057E-649A-49DB-A4EC-B9C0CB9FFD4B}.Release|Any CPU.ActiveCfg = Release|Any CPU
		{3BF8057E-649A-49DB-A4EC-B9C0CB9FFD4B}.Release|Any CPU.Build.0 = Release|Any CPU
	EndGlobalSection
	GlobalSection(SolutionProperties) = preSolution
		HideSolutionNode = FALSE
	EndGlobalSection
	GlobalSection(ExtensibilityGlobals) = postSolution
		SolutionGuid = {E025B44F-A2C7-402E-A56B-CC0D0AEB3095}
	EndGlobalSection
EndGlobal
